lockfileVersion: '9.0'

settings:
  autoInstallPeers: true
  excludeLinksFromLockfile: false

importers:

  .:
    devDependencies:
      '@types/node':
        specifier: ^26.0.1
        version: 26.0.1
      prettier:
        specifier: ^3.8.5
        version: 3.8.5
      typescript:
        specifier: ^5.8.0
        version: 5.9.3

  packages/core: {}

  packages/providers:
    dependencies:
      '@media-engine/core':
        specifier: workspace:*
        version: link:../core

packages:

  '@types/node@26.0.1':
    resolution: {integrity: sha512-fc3KiUoBt6kie0N9bIW3E47vZsuaMf0PM2AaUpLCLT0s/LvX1nxAim6Fc049cNxODPpGm6qRAuUOB86SkRuPQw==}

  prettier@3.8.5:
    resolution: {integrity: sha512-zxcTTCedNGJM4R8sj/Cq/F0W/c4iE0afWBcBwMTRtw4WHYP9TWkYjdiH3npPRUYsXQCPR0hTU9yjovOu+E6EQA==}
    engines: {node: '>=14'}
    hasBin: true

  typescript@5.9.3:
    resolution: {integrity: sha512-jl1vZzPDinLr9eUt3J/t7V6FgNEw9QjvBPdysz9KfQDD41fQrC2Y4vKQdiaUpFT4bXlb1RHhLpp8wtm6M5TgSw==}
    engines: {node: '>=14.17'}
    hasBin: true

  undici-types@8.3.0:
    resolution: {integrity: sha512-j375ScV60dom+YkPFIfTLcOiPxkN/buHz5GobjLhixFuANaNs3C9l4GmrWqejgXWJ7BbJcFYpTEUkS1Ge8bpZQ==}

snapshots:

  '@types/node@26.0.1':
    dependencies:
      undici-types: 8.3.0

  prettier@3.8.5: {}

  typescript@5.9.3: {}

  undici-types@8.3.0: {}
